{
  "schema_version": 1,
  "cargo_lock_sha256": "2342801607a6989355d57caeba1f701ce56ec600581bd80571df373201876d63",
  "target_resolves": {
    "base": {
      "aho-corasick-1.1.4": {
        "runtime_dependencies": [
          {
            "name": "memchr",
            "package_key": "memchr-2.8.0",
            "kind": "normal",
            "features": [],
            "uses_default_features": false,
            "optional": true,
            "target": null,
            "tree": "target"
          }
        ],
        "build_dependencies": [],
        "features": [
          "perf-literal",
          "std"
        ]
      },
      "bytes-1.11.1": {
        "runtime_dependencies": [],
        "build_dependencies": [],
        "features": [
          "default",
          "std"
        ]
      },
      "cfg-if-1.0.4": {
        "runtime_dependencies": [],
        "build_dependencies": [],
        "features": []
      },
      "diff-0.1.13": {
        "runtime_dependencies": [],
        "build_dependencies": [],
        "features": []
      },
      "errno-0.3.14": {
        "runtime_dependencies": [
          {
            "name": "libc",
            "package_key": "libc-0.2.183",
            "kind": "normal",
            "features": [],
            "uses_default_features": false,
            "optional": false,
            "target": "cfg(unix)",
            "tree": "target"
          },
          {
            "name": "libc",
            "package_key": "libc-0.2.183",
            "kind": "normal",
            "features": [],
            "uses_default_features": false,
            "optional": false,
            "target": "cfg(target_os = \"hermit\")",
            "tree": "target"
          },
          {
            "name": "libc",
            "package_key": "libc-0.2.183",
            "kind": "normal",
            "features": [],
            "uses_default_features": false,
            "optional": false,
            "target": "cfg(target_os = \"wasi\")",
            "tree": "target"
          }
        ],
        "build_dependencies": [],
        "features": [
          "default",
          "std"
        ]
      },
      "futures-0.3.32": {
        "runtime_dependencies": [
          {
            "name": "futures_channel",
            "package_key": "futures-channel-0.3.32",
            "kind": "normal",
            "features": [],
            "uses_default_features": true,
            "optional": false,
            "target": null,
            "tree": "target"
          },
          {
            "name": "futures_core",
            "package_key": "futures-core-0.3.32",
            "kind": "normal",
            "features": [],
            "uses_default_features": true,
            "optional": false,
            "target": null,
            "tree": "target"
          },
          {
            "name": "futures_executor",
            "package_key": "futures-executor-0.3.32",
            "kind": "normal",
            "features": [],
            "uses_default_features": true,
            "optional": false,
            "target": null,
            "tree": "target"
          },
          {
            "name": "futures_io",
            "package_key": "futures-io-0.3.32",
            "kind": "normal",
            "features": [],
            "uses_default_features": true,
            "optional": false,
            "target": null,
            "tree": "target"
          },
          {
            "name": "futures_sink",
            "package_key": "futures-sink-0.3.32",
            "kind": "normal",
            "features": [],
            "uses_default_features": true,
            "optional": false,
            "target": null,
            "tree": "target"
          },
          {
            "name": "futures_task",
            "package_key": "futures-task-0.3.32",
            "kind": "normal",
            "features": [],
            "uses_default_features": true,
            "optional": false,
            "target": null,
            "tree": "target"
          },
          {
            "name": "futures_util",
            "package_key": "futures-util-0.3.32",
            "kind": "normal",
            "features": [],
            "uses_default_features": true,
            "optional": false,
            "target": null,
            "tree": "target"
          }
        ],
        "build_dependencies": [],
        "features": [
          "alloc",
          "async-await",
          "default",
          "executor",
          "futures-executor",
          "std"
        ]
      },
      "futures-channel-0.3.32": {
        "runtime_dependencies": [
          {
            "name": "futures_core",
            "package_key": "futures-core-0.3.32",
            "kind": "normal",
            "features": [],
            "uses_default_features": true,
            "optional": false,
            "target": null,
            "tree": "target"
          },
          {
            "name": "futures_sink",
            "package_key": "futures-sink-0.3.32",
            "kind": "normal",
            "features": [],
            "uses_default_features": true,
            "optional": false,
            "target": null,
            "tree": "target"
          }
        ],
        "build_dependencies": [],
        "features": [
          "alloc",
          "futures-sink",
          "sink",
          "std"
        ]
      },
      "futures-core-0.3.32": {
        "runtime_dependencies": [],
        "build_dependencies": [],
        "features": [
          "alloc",
          "std"
        ]
      },
      "futures-executor-0.3.32": {
        "runtime_dependencies": [
          {
            "name": "futures_core",
            "package_key": "futures-core-0.3.32",
            "kind": "normal",
            "features": [],
            "uses_default_features": true,
            "optional": false,
            "target": null,
            "tree": "target"
          },
          {
            "name": "futures_task",
            "package_key": "futures-task-0.3.32",
            "kind": "normal",
            "features": [],
            "uses_default_features": true,
            "optional": false,
            "target": null,
            "tree": "target"
          },
          {
            "name": "futures_util",
            "package_key": "futures-util-0.3.32",
            "kind": "normal",
            "features": [],
            "uses_default_features": true,
            "optional": false,
            "target": null,
            "tree": "target"
          }
        ],
        "build_dependencies": [],
        "features": [
          "std"
        ]
      },
      "futures-io-0.3.32": {
        "runtime_dependencies": [],
        "build_dependencies": [],
        "features": [
          "std"
        ]
      },
      "futures-macro-0.3.32": {
        "runtime_dependencies": [
          {
            "name": "proc_macro2",
            "package_key": "proc-macro2-1.0.106",
            "kind": "normal",
            "features": [],
            "uses_default_features": true,
            "optional": false,
            "target": null,
            "tree": "target"
          },
          {
            "name": "quote",
            "package_key": "quote-1.0.45",
            "kind": "normal",
            "features": [],
            "uses_default_features": true,
            "optional": false,
            "target": null,
            "tree": "target"
          },
          {
            "name": "syn",
            "package_key": "syn-2.0.117",
            "kind": "normal",
            "features": [
              "full"
            ],
            "uses_default_features": true,
            "optional": false,
            "target": null,
            "tree": "target"
          }
        ],
        "build_dependencies": [],
        "features": []
      },
      "futures-sink-0.3.32": {
        "runtime_dependencies": [],
        "build_dependencies": [],
        "features": [
          "alloc",
          "std"
        ]
      },
      "futures-task-0.3.32": {
        "runtime_dependencies": [],
        "build_dependencies": [],
        "features": [
          "alloc",
          "std"
        ]
      },
      "futures-timer-3.0.3": {
        "runtime_dependencies": [],
        "build_dependencies": [],
        "features": []
      },
      "futures-util-0.3.32": {
        "runtime_dependencies": [
          {
            "name": "futures_channel",
            "package_key": "futures-channel-0.3.32",
            "kind": "normal",
            "features": [],
            "uses_default_features": true,
            "optional": false,
            "target": null,
            "tree": "target"
          },
          {
            "name": "futures_core",
            "package_key": "futures-core-0.3.32",
            "kind": "normal",
            "features": [],
            "uses_default_features": true,
            "optional": false,
            "target": null,
            "tree": "target"
          },
          {
            "name": "futures_io",
            "package_key": "futures-io-0.3.32",
            "kind": "normal",
            "features": [],
            "uses_default_features": true,
            "optional": false,
            "target": null,
            "tree": "target"
          },
          {
            "name": "futures_macro",
            "package_key": "futures-macro-0.3.32",
            "kind": "normal",
            "features": [],
            "uses_default_features": true,
            "optional": false,
            "target": null,
            "tree": "host"
          },
          {
            "name": "futures_sink",
            "package_key": "futures-sink-0.3.32",
            "kind": "normal",
            "features": [],
            "uses_default_features": true,
            "optional": false,
            "target": null,
            "tree": "target"
          },
          {
            "name": "futures_task",
            "package_key": "futures-task-0.3.32",
            "kind": "normal",
            "features": [],
            "uses_default_features": true,
            "optional": false,
            "target": null,
            "tree": "target"
          },
          {
            "name": "memchr",
            "package_key": "memchr-2.8.0",
            "kind": "normal",
            "features": [],
            "uses_default_features": true,
            "optional": true,
            "target": null,
            "tree": "target"
          },
          {
            "name": "pin_project_lite",
            "package_key": "pin-project-lite-0.2.17",
            "kind": "normal",
            "features": [],
            "uses_default_features": true,
            "optional": false,
            "target": null,
            "tree": "target"
          },
          {
            "name": "slab",
            "package_key": "slab-0.4.12",
            "kind": "normal",
            "features": [],
            "uses_default_features": false,
            "optional": true,
            "target": null,
            "tree": "target"
          }
        ],
        "build_dependencies": [],
        "features": [
          "alloc",
          "async-await",
          "async-await-macro",
          "channel",
          "futures-channel",
          "futures-io",
          "futures-macro",
          "futures-sink",
          "io",
          "memchr",
          "sink",
          "slab",
          "std"
        ]
      },
      "glob-0.3.3": {
        "runtime_dependencies": [],
        "build_dependencies": [],
        "features": []
      },
      "libc-0.2.183": {
        "runtime_dependencies": [],
        "build_dependencies": [],
        "features": [
          "default",
          "std"
        ]
      },
      "lock_api-0.4.14": {
        "runtime_dependencies": [
          {
            "name": "scopeguard",
            "package_key": "scopeguard-1.2.0",
            "kind": "normal",
            "features": [],
            "uses_default_features": false,
            "optional": false,
            "target": null,
            "tree": "target"
          }
        ],
        "build_dependencies": [],
        "features": [
          "atomic_usize",
          "default"
        ]
      },
      "memchr-2.8.0": {
        "runtime_dependencies": [],
        "build_dependencies": [],
        "features": [
          "alloc",
          "default",
          "std"
        ]
      },
      "mio-1.1.1": {
        "runtime_dependencies": [
          {
            "name": "libc",
            "package_key": "libc-0.2.183",
            "kind": "normal",
            "features": [],
            "uses_default_features": true,
            "optional": false,
            "target": "cfg(unix)",
            "tree": "target"
          },
          {
            "name": "libc",
            "package_key": "libc-0.2.183",
            "kind": "normal",
            "features": [],
            "uses_default_features": true,
            "optional": false,
            "target": "cfg(target_os = \"hermit\")",
            "tree": "target"
          },
          {
            "name": "libc",
            "package_key": "libc-0.2.183",
            "kind": "normal",
            "features": [],
            "uses_default_features": true,
            "optional": false,
            "target": "cfg(target_os = \"wasi\")",
            "tree": "target"
          }
        ],
        "build_dependencies": [],
        "features": [
          "net",
          "os-ext",
          "os-poll"
        ]
      },
      "parking_lot-0.12.5": {
        "runtime_dependencies": [
          {
            "name": "lock_api",
            "package_key": "lock_api-0.4.14",
            "kind": "normal",
            "features": [],
            "uses_default_features": true,
            "optional": false,
            "target": null,
            "tree": "target"
          },
          {
            "name": "parking_lot_core",
            "package_key": "parking_lot_core-0.9.12",
            "kind": "normal",
            "features": [],
            "uses_default_features": true,
            "optional": false,
            "target": null,
            "tree": "target"
          }
        ],
        "build_dependencies": [],
        "features": [
          "default"
        ]
      },
      "parking_lot_core-0.9.12": {
        "runtime_dependencies": [
          {
            "name": "cfg_if",
            "package_key": "cfg-if-1.0.4",
            "kind": "normal",
            "features": [],
            "uses_default_features": true,
            "optional": false,
            "target": null,
            "tree": "target"
          },
          {
            "name": "libc",
            "package_key": "libc-0.2.183",
            "kind": "normal",
            "features": [],
            "uses_default_features": true,
            "optional": false,
            "target": "cfg(unix)",
            "tree": "target"
          },
          {
            "name": "smallvec",
            "package_key": "smallvec-1.15.1",
            "kind": "normal",
            "features": [],
            "uses_default_features": true,
            "optional": false,
            "target": null,
            "tree": "target"
          }
        ],
        "build_dependencies": [],
        "features": []
      },
      "pin-project-lite-0.2.17": {
        "runtime_dependencies": [],
        "build_dependencies": [],
        "features": []
      },
      "pleme-brazilian-validators-0.1.1": {
        "runtime_dependencies": [
          {
            "name": "regex",
            "package_key": "regex-1.12.3",
            "kind": "normal",
            "features": [],
            "uses_default_features": true,
            "optional": false,
            "target": null,
            "tree": "target"
          },
          {
            "name": "thiserror",
            "package_key": "thiserror-2.0.18",
            "kind": "normal",
            "features": [],
            "uses_default_features": true,
            "optional": false,
            "target": null,
            "tree": "target"
          }
        ],
        "build_dependencies": [],
        "features": [
          "default"
        ]
      },
      "pretty_assertions-1.4.1": {
        "runtime_dependencies": [
          {
            "name": "diff",
            "package_key": "diff-0.1.13",
            "kind": "normal",
            "features": [],
            "uses_default_features": true,
            "optional": false,
            "target": null,
            "tree": "target"
          },
          {
            "name": "yansi",
            "package_key": "yansi-1.0.1",
            "kind": "normal",
            "features": [],
            "uses_default_features": true,
            "optional": false,
            "target": null,
            "tree": "target"
          }
        ],
        "build_dependencies": [],
        "features": [
          "default",
          "std"
        ]
      },
      "proc-macro2-1.0.106": {
        "runtime_dependencies": [
          {
            "name": "unicode_ident",
            "package_key": "unicode-ident-1.0.24",
            "kind": "normal",
            "features": [],
            "uses_default_features": true,
            "optional": false,
            "target": null,
            "tree": "target"
          }
        ],
        "build_dependencies": [],
        "features": [
          "default",
          "proc-macro"
        ]
      },
      "quote-1.0.45": {
        "runtime_dependencies": [
          {
            "name": "proc_macro2",
            "package_key": "proc-macro2-1.0.106",
            "kind": "normal",
            "features": [],
            "uses_default_features": true,
            "optional": false,
            "target": null,
            "tree": "target"
          }
        ],
        "build_dependencies": [],
        "features": [
          "default",
          "proc-macro"
        ]
      },
      "regex-1.12.3": {
        "runtime_dependencies": [
          {
            "name": "aho_corasick",
            "package_key": "aho-corasick-1.1.4",
            "kind": "normal",
            "features": [],
            "uses_default_features": true,
            "optional": false,
            "target": null,
            "tree": "target"
          },
          {
            "name": "memchr",
            "package_key": "memchr-2.8.0",
            "kind": "normal",
            "features": [],
            "uses_default_features": false,
            "optional": true,
            "target": null,
            "tree": "target"
          },
          {
            "name": "regex_automata",
            "package_key": "regex-automata-0.4.14",
            "kind": "normal",
            "features": [],
            "uses_default_features": true,
            "optional": false,
            "target": null,
            "tree": "target"
          },
          {
            "name": "regex_syntax",
            "package_key": "regex-syntax-0.8.10",
            "kind": "normal",
            "features": [],
            "uses_default_features": true,
            "optional": false,
            "target": null,
            "tree": "target"
          }
        ],
        "build_dependencies": [],
        "features": [
          "default",
          "perf",
          "perf-backtrack",
          "perf-cache",
          "perf-dfa",
          "perf-inline",
          "perf-literal",
          "perf-onepass",
          "std",
          "unicode",
          "unicode-age",
          "unicode-bool",
          "unicode-case",
          "unicode-gencat",
          "unicode-perl",
          "unicode-script",
          "unicode-segment"
        ]
      },
      "regex-automata-0.4.14": {
        "runtime_dependencies": [
          {
            "name": "aho_corasick",
            "package_key": "aho-corasick-1.1.4",
            "kind": "normal",
            "features": [],
            "uses_default_features": true,
            "optional": false,
            "target": null,
            "tree": "target"
          },
          {
            "name": "memchr",
            "package_key": "memchr-2.8.0",
            "kind": "normal",
            "features": [],
            "uses_default_features": false,
            "optional": true,
            "target": null,
            "tree": "target"
          },
          {
            "name": "regex_syntax",
            "package_key": "regex-syntax-0.8.10",
            "kind": "normal",
            "features": [],
            "uses_default_features": true,
            "optional": false,
            "target": null,
            "tree": "target"
          }
        ],
        "build_dependencies": [],
        "features": [
          "alloc",
          "dfa-onepass",
          "hybrid",
          "meta",
          "nfa-backtrack",
          "nfa-pikevm",
          "nfa-thompson",
          "perf-inline",
          "perf-literal",
          "perf-literal-multisubstring",
          "perf-literal-substring",
          "std",
          "syntax",
          "unicode",
          "unicode-age",
          "unicode-bool",
          "unicode-case",
          "unicode-gencat",
          "unicode-perl",
          "unicode-script",
          "unicode-segment",
          "unicode-word-boundary"
        ]
      },
      "regex-syntax-0.8.10": {
        "runtime_dependencies": [],
        "build_dependencies": [],
        "features": [
          "default",
          "std",
          "unicode",
          "unicode-age",
          "unicode-bool",
          "unicode-case",
          "unicode-gencat",
          "unicode-perl",
          "unicode-script",
          "unicode-segment"
        ]
      },
      "relative-path-1.9.3": {
        "runtime_dependencies": [],
        "build_dependencies": [],
        "features": [
          "default"
        ]
      },
      "rstest-0.18.2": {
        "runtime_dependencies": [
          {
            "name": "futures",
            "package_key": "futures-0.3.32",
            "kind": "normal",
            "features": [],
            "uses_default_features": true,
            "optional": true,
            "target": null,
            "tree": "target"
          },
          {
            "name": "futures_timer",
            "package_key": "futures-timer-3.0.3",
            "kind": "normal",
            "features": [],
            "uses_default_features": true,
            "optional": false,
            "target": null,
            "tree": "target"
          },
          {
            "name": "rstest_macros",
            "package_key": "rstest_macros-0.18.2",
            "kind": "normal",
            "features": [],
            "uses_default_features": false,
            "optional": false,
            "target": null,
            "tree": "host"
          }
        ],
        "build_dependencies": [
          {
            "name": "rustc_version",
            "package_key": "rustc_version-0.4.1",
            "kind": "build",
            "features": [],
            "uses_default_features": true,
            "optional": false,
            "target": null,
            "tree": "host"
          }
        ],
        "features": [
          "async-timeout",
          "default"
        ]
      },
      "rstest_macros-0.18.2": {
        "runtime_dependencies": [
          {
            "name": "cfg_if",
            "package_key": "cfg-if-1.0.4",
            "kind": "normal",
            "features": [],
            "uses_default_features": true,
            "optional": false,
            "target": null,
            "tree": "target"
          },
          {
            "name": "glob",
            "package_key": "glob-0.3.3",
            "kind": "normal",
            "features": [],
            "uses_default_features": true,
            "optional": false,
            "target": null,
            "tree": "target"
          },
          {
            "name": "proc_macro2",
            "package_key": "proc-macro2-1.0.106",
            "kind": "normal",
            "features": [],
            "uses_default_features": true,
            "optional": false,
            "target": null,
            "tree": "target"
          },
          {
            "name": "quote",
            "package_key": "quote-1.0.45",
            "kind": "normal",
            "features": [],
            "uses_default_features": true,
            "optional": false,
            "target": null,
            "tree": "target"
          },
          {
            "name": "regex",
            "package_key": "regex-1.12.3",
            "kind": "normal",
            "features": [],
            "uses_default_features": true,
            "optional": false,
            "target": null,
            "tree": "target"
          },
          {
            "name": "relative_path",
            "package_key": "relative-path-1.9.3",
            "kind": "normal",
            "features": [],
            "uses_default_features": true,
            "optional": false,
            "target": null,
            "tree": "target"
          },
          {
            "name": "syn",
            "package_key": "syn-2.0.117",
            "kind": "normal",
            "features": [
              "full",
              "parsing",
              "extra-traits",
              "visit",
              "visit-mut"
            ],
            "uses_default_features": true,
            "optional": false,
            "target": null,
            "tree": "target"
          },
          {
            "name": "unicode_ident",
            "package_key": "unicode-ident-1.0.24",
            "kind": "normal",
            "features": [],
            "uses_default_features": true,
            "optional": false,
            "target": null,
            "tree": "target"
          }
        ],
        "build_dependencies": [
          {
            "name": "rustc_version",
            "package_key": "rustc_version-0.4.1",
            "kind": "build",
            "features": [],
            "uses_default_features": true,
            "optional": false,
            "target": null,
            "tree": "host"
          }
        ],
        "features": [
          "async-timeout"
        ]
      },
      "rustc_version-0.4.1": {
        "runtime_dependencies": [
          {
            "name": "semver",
            "package_key": "semver-1.0.27",
            "kind": "normal",
            "features": [],
            "uses_default_features": true,
            "optional": false,
            "target": null,
            "tree": "target"
          }
        ],
        "build_dependencies": [],
        "features": []
      },
      "scopeguard-1.2.0": {
        "runtime_dependencies": [],
        "build_dependencies": [],
        "features": []
      },
      "semver-1.0.27": {
        "runtime_dependencies": [],
        "build_dependencies": [],
        "features": [
          "default",
          "std"
        ]
      },
      "signal-hook-registry-1.4.8": {
        "runtime_dependencies": [
          {
            "name": "errno",
            "package_key": "errno-0.3.14",
            "kind": "normal",
            "features": [],
            "uses_default_features": true,
            "optional": false,
            "target": null,
            "tree": "target"
          },
          {
            "name": "libc",
            "package_key": "libc-0.2.183",
            "kind": "normal",
            "features": [],
            "uses_default_features": true,
            "optional": false,
            "target": null,
            "tree": "target"
          }
        ],
        "build_dependencies": [],
        "features": []
      },
      "slab-0.4.12": {
        "runtime_dependencies": [],
        "build_dependencies": [],
        "features": [
          "std"
        ]
      },
      "smallvec-1.15.1": {
        "runtime_dependencies": [],
        "build_dependencies": [],
        "features": []
      },
      "socket2-0.6.3": {
        "runtime_dependencies": [
          {
            "name": "libc",
            "package_key": "libc-0.2.183",
            "kind": "normal",
            "features": [],
            "uses_default_features": true,
            "optional": false,
            "target": "cfg(any(unix, target_os = \"wasi\"))",
            "tree": "target"
          }
        ],
        "build_dependencies": [],
        "features": [
          "all"
        ]
      },
      "syn-2.0.117": {
        "runtime_dependencies": [
          {
            "name": "proc_macro2",
            "package_key": "proc-macro2-1.0.106",
            "kind": "normal",
            "features": [],
            "uses_default_features": true,
            "optional": false,
            "target": null,
            "tree": "target"
          },
          {
            "name": "quote",
            "package_key": "quote-1.0.45",
            "kind": "normal",
            "features": [],
            "uses_default_features": false,
            "optional": true,
            "target": null,
            "tree": "target"
          },
          {
            "name": "unicode_ident",
            "package_key": "unicode-ident-1.0.24",
            "kind": "normal",
            "features": [],
            "uses_default_features": true,
            "optional": false,
            "target": null,
            "tree": "target"
          }
        ],
        "build_dependencies": [],
        "features": [
          "clone-impls",
          "default",
          "derive",
          "extra-traits",
          "full",
          "parsing",
          "printing",
          "proc-macro",
          "visit",
          "visit-mut"
        ]
      },
      "thiserror-2.0.18": {
        "runtime_dependencies": [
          {
            "name": "thiserror_impl",
            "package_key": "thiserror-impl-2.0.18",
            "kind": "normal",
            "features": [],
            "uses_default_features": true,
            "optional": false,
            "target": null,
            "tree": "host"
          }
        ],
        "build_dependencies": [],
        "features": [
          "default",
          "std"
        ]
      },
      "thiserror-impl-2.0.18": {
        "runtime_dependencies": [
          {
            "name": "proc_macro2",
            "package_key": "proc-macro2-1.0.106",
            "kind": "normal",
            "features": [],
            "uses_default_features": true,
            "optional": false,
            "target": null,
            "tree": "target"
          },
          {
            "name": "quote",
            "package_key": "quote-1.0.45",
            "kind": "normal",
            "features": [],
            "uses_default_features": true,
            "optional": false,
            "target": null,
            "tree": "target"
          },
          {
            "name": "syn",
            "package_key": "syn-2.0.117",
            "kind": "normal",
            "features": [],
            "uses_default_features": true,
            "optional": false,
            "target": null,
            "tree": "target"
          }
        ],
        "build_dependencies": [],
        "features": []
      },
      "tokio-1.50.0": {
        "runtime_dependencies": [
          {
            "name": "bytes",
            "package_key": "bytes-1.11.1",
            "kind": "normal",
            "features": [],
            "uses_default_features": true,
            "optional": true,
            "target": null,
            "tree": "target"
          },
          {
            "name": "libc",
            "package_key": "libc-0.2.183",
            "kind": "normal",
            "features": [],
            "uses_default_features": true,
            "optional": true,
            "target": "cfg(all(tokio_unstable, target_os = \"linux\"))",
            "tree": "target"
          },
          {
            "name": "libc",
            "package_key": "libc-0.2.183",
            "kind": "normal",
            "features": [],
            "uses_default_features": true,
            "optional": true,
            "target": "cfg(unix)",
            "tree": "target"
          },
          {
            "name": "mio",
            "package_key": "mio-1.1.1",
            "kind": "normal",
            "features": [],
            "uses_default_features": false,
            "optional": true,
            "target": null,
            "tree": "target"
          },
          {
            "name": "mio",
            "package_key": "mio-1.1.1",
            "kind": "normal",
            "features": [],
            "uses_default_features": false,
            "optional": true,
            "target": "cfg(all(tokio_unstable, target_os = \"linux\"))",
            "tree": "target"
          },
          {
            "name": "parking_lot",
            "package_key": "parking_lot-0.12.5",
            "kind": "normal",
            "features": [],
            "uses_default_features": true,
            "optional": true,
            "target": null,
            "tree": "target"
          },
          {
            "name": "pin_project_lite",
            "package_key": "pin-project-lite-0.2.17",
            "kind": "normal",
            "features": [],
            "uses_default_features": true,
            "optional": false,
            "target": null,
            "tree": "target"
          },
          {
            "name": "signal_hook_registry",
            "package_key": "signal-hook-registry-1.4.8",
            "kind": "normal",
            "features": [],
            "uses_default_features": true,
            "optional": false,
            "target": "cfg(unix)",
            "tree": "target"
          },
          {
            "name": "socket2",
            "package_key": "socket2-0.6.3",
            "kind": "normal",
            "features": [
              "all"
            ],
            "uses_default_features": true,
            "optional": true,
            "target": "cfg(not(target_family = \"wasm\"))",
            "tree": "target"
          },
          {
            "name": "tokio_macros",
            "package_key": "tokio-macros-2.6.1",
            "kind": "normal",
            "features": [],
            "uses_default_features": true,
            "optional": false,
            "target": null,
            "tree": "host"
          }
        ],
        "build_dependencies": [],
        "features": [
          "bytes",
          "default",
          "fs",
          "full",
          "io-std",
          "io-util",
          "libc",
          "macros",
          "mio",
          "net",
          "parking_lot",
          "process",
          "rt",
          "rt-multi-thread",
          "signal",
          "signal-hook-registry",
          "socket2",
          "sync",
          "time",
          "tokio-macros",
          "windows-sys"
        ]
      },
      "tokio-macros-2.6.1": {
        "runtime_dependencies": [
          {
            "name": "proc_macro2",
            "package_key": "proc-macro2-1.0.106",
            "kind": "normal",
            "features": [],
            "uses_default_features": true,
            "optional": false,
            "target": null,
            "tree": "target"
          },
          {
            "name": "quote",
            "package_key": "quote-1.0.45",
            "kind": "normal",
            "features": [],
            "uses_default_features": true,
            "optional": false,
            "target": null,
            "tree": "target"
          },
          {
            "name": "syn",
            "package_key": "syn-2.0.117",
            "kind": "normal",
            "features": [
              "full"
            ],
            "uses_default_features": true,
            "optional": false,
            "target": null,
            "tree": "target"
          }
        ],
        "build_dependencies": [],
        "features": []
      },
      "unicode-ident-1.0.24": {
        "runtime_dependencies": [],
        "build_dependencies": [],
        "features": []
      },
      "yansi-1.0.1": {
        "runtime_dependencies": [],
        "build_dependencies": [],
        "features": [
          "alloc",
          "default",
          "std"
        ]
      }
    },
    "targets": {
      "aarch64-apple-darwin": {
        "overrides": {}
      },
      "x86_64-apple-darwin": {
        "overrides": {}
      },
      "x86_64-unknown-linux-gnu": {
        "overrides": {}
      },
      "x86_64-unknown-linux-musl": {
        "overrides": {}
      },
      "aarch64-unknown-linux-gnu": {
        "overrides": {}
      },
      "aarch64-unknown-linux-musl": {
        "overrides": {}
      }
    }
  },
  "per_crate": {
    "aho-corasick-1.1.4": {
      "edition": "2021"
    },
    "bytes-1.11.1": {
      "edition": "2021"
    },
    "cfg-if-1.0.4": {
      "edition": "2018"
    },
    "diff-0.1.13": {
      "edition": "2015"
    },
    "errno-0.3.14": {
      "edition": "2018"
    },
    "futures-0.3.32": {
      "edition": "2018"
    },
    "futures-channel-0.3.32": {
      "edition": "2018"
    },
    "futures-core-0.3.32": {
      "edition": "2018"
    },
    "futures-executor-0.3.32": {
      "edition": "2018"
    },
    "futures-io-0.3.32": {
      "edition": "2018"
    },
    "futures-macro-0.3.32": {
      "edition": "2018",
      "proc_macro": true
    },
    "futures-sink-0.3.32": {
      "edition": "2018"
    },
    "futures-task-0.3.32": {
      "edition": "2018"
    },
    "futures-timer-3.0.3": {
      "edition": "2018"
    },
    "futures-util-0.3.32": {
      "edition": "2018"
    },
    "glob-0.3.3": {
      "edition": "2015"
    },
    "libc-0.2.183": {
      "edition": "2021",
      "build_script": "build.rs"
    },
    "lock_api-0.4.14": {
      "edition": "2021"
    },
    "memchr-2.8.0": {
      "edition": "2021"
    },
    "mio-1.1.1": {
      "edition": "2021"
    },
    "parking_lot-0.12.5": {
      "edition": "2021"
    },
    "parking_lot_core-0.9.12": {
      "edition": "2021",
      "build_script": "build.rs"
    },
    "pin-project-lite-0.2.17": {
      "edition": "2018"
    },
    "pleme-brazilian-validators-0.1.1": {
      "edition": "2021",
      "lib_target": {
        "name": "pleme_brazilian_validators",
        "path": "src/lib.rs"
      }
    },
    "pretty_assertions-1.4.1": {
      "edition": "2018"
    },
    "proc-macro2-1.0.106": {
      "edition": "2021",
      "build_script": "build.rs"
    },
    "quote-1.0.45": {
      "edition": "2021",
      "build_script": "build.rs"
    },
    "regex-1.12.3": {
      "edition": "2021"
    },
    "regex-automata-0.4.14": {
      "edition": "2021"
    },
    "regex-syntax-0.8.10": {
      "edition": "2021"
    },
    "relative-path-1.9.3": {
      "edition": "2021"
    },
    "rstest-0.18.2": {
      "edition": "2021"
    },
    "rstest_macros-0.18.2": {
      "edition": "2021",
      "proc_macro": true,
      "build_script": "build.rs"
    },
    "rustc_version-0.4.1": {
      "edition": "2018"
    },
    "scopeguard-1.2.0": {
      "edition": "2015"
    },
    "semver-1.0.27": {
      "edition": "2018"
    },
    "signal-hook-registry-1.4.8": {
      "edition": "2015"
    },
    "slab-0.4.12": {
      "edition": "2018"
    },
    "smallvec-1.15.1": {
      "edition": "2018"
    },
    "socket2-0.6.3": {
      "edition": "2021"
    },
    "syn-2.0.117": {
      "edition": "2021"
    },
    "thiserror-2.0.18": {
      "edition": "2021",
      "build_script": "build.rs"
    },
    "thiserror-impl-2.0.18": {
      "edition": "2021",
      "proc_macro": true
    },
    "tokio-1.50.0": {
      "edition": "2021"
    },
    "tokio-macros-2.6.1": {
      "edition": "2021",
      "proc_macro": true
    },
    "unicode-ident-1.0.24": {
      "edition": "2021"
    },
    "yansi-1.0.1": {
      "edition": "2021"
    }
  },
  "git_nar_sha256": {},
  "flake_metadata": {}
}
